// !$*UTF8*$!
{
	archiveVersion = 1;
	classes = {
	};
	objectVersion = 56;
	objects = {

/* Begin PBXBuildFile section */
		6BAEDC7F29E42CFA00EB817A /* GCDRxSwiftViewController.swift in Sources */ = {isa = PBXBuildFile; fileRef = 6BAEDC7E29E42CFA00EB817A /* GCDRxSwiftViewController.swift */; };
		6BAEDC8229E42D1000EB817A /* GCDRxSwiftViewModel.swift in Sources */ = {isa = PBXBuildFile; fileRef = 6BAEDC8129E42D1000EB817A /* GCDRxSwiftViewModel.swift */; };
		6BAEDC8429E42D2200EB817A /* GCDRxSwiftView.swift in Sources */ = {isa = PBXBuildFile; fileRef = 6BAEDC8329E42D2200EB817A /* GCDRxSwiftView.swift */; };
		6BAEDC8B29E42E1800EB817A /* TabBarViewController.swift in Sources */ = {isa = PBXBuildFile; fileRef = 6BAEDC8A29E42E1800EB817A /* TabBarViewController.swift */; };
		6BAEDC8D29E42F1B00EB817A /* GCDRxSwiftTableViewCell.swift in Sources */ = {isa = PBXBuildFile; fileRef = 6BAEDC8C29E42F1B00EB817A /* GCDRxSwiftTableViewCell.swift */; };
		6BAEDC9229E4425D00EB817A /* GCDURLSessionViewModel.swift in Sources */ = {isa = PBXBuildFile; fileRef = 6BAEDC9129E4425D00EB817A /* GCDURLSessionViewModel.swift */; };
		6BAEDC9429E4428C00EB817A /* GCDURLSessionView.swift in Sources */ = {isa = PBXBuildFile; fileRef = 6BAEDC9329E4428C00EB817A /* GCDURLSessionView.swift */; };
		6BAEDC9629E442A600EB817A /* GCDURLSessionTableViewCell.swift in Sources */ = {isa = PBXBuildFile; fileRef = 6BAEDC9529E442A600EB817A /* GCDURLSessionTableViewCell.swift */; };
		6BAEDC9829E442B900EB817A /* GCDURLSessionViewController.swift in Sources */ = {isa = PBXBuildFile; fileRef = 6BAEDC9729E442B900EB817A /* GCDURLSessionViewController.swift */; };
		6BDEF3DD29E055BE00640B8D /* AppDelegate.swift in Sources */ = {isa = PBXBuildFile; fileRef = 6BDEF3DC29E055BE00640B8D /* AppDelegate.swift */; };
		6BDEF3DF29E055BE00640B8D /* SceneDelegate.swift in Sources */ = {isa = PBXBuildFile; fileRef = 6BDEF3DE29E055BE00640B8D /* SceneDelegate.swift */; };
		6BDEF3E629E055BF00640B8D /* Assets.xcassets in Resources */ = {isa = PBXBuildFile; fileRef = 6BDEF3E529E055BF00640B8D /* Assets.xcassets */; };
		6BDEF3E929E055BF00640B8D /* LaunchScreen.storyboard in Resources */ = {isa = PBXBuildFile; fileRef = 6BDEF3E729E055BF00640B8D /* LaunchScreen.storyboard */; };
		6BDEF3F929E0561200640B8D /* GCDAlamofireViewController.swift in Sources */ = {isa = PBXBuildFile; fileRef = 6BDEF3F829E0561200640B8D /* GCDAlamofireViewController.swift */; };
		6BDEF3FB29E0562200640B8D /* GCDAlamofireView.swift in Sources */ = {isa = PBXBuildFile; fileRef = 6BDEF3FA29E0562200640B8D /* GCDAlamofireView.swift */; };
		6BDEF3FE29E0610200640B8D /* GCDAlamofireViewModel.swift in Sources */ = {isa = PBXBuildFile; fileRef = 6BDEF3FD29E0610200640B8D /* GCDAlamofireViewModel.swift */; };
		6BDEF40029E063A500640B8D /* GCDAlamofireTableViewCell.swift in Sources */ = {isa = PBXBuildFile; fileRef = 6BDEF3FF29E063A500640B8D /* GCDAlamofireTableViewCell.swift */; };
		A4ECCD207803E50EFA39B709 /* Pods_GCD.framework in Frameworks */ = {isa = PBXBuildFile; fileRef = 66C69574D868F768EDD43320 /* Pods_GCD.framework */; };
/* End PBXBuildFile section */

/* Begin PBXFileReference section */
		66C69574D868F768EDD43320 /* Pods_GCD.framework */ = {isa = PBXFileReference; explicitFileType = wrapper.framework; includeInIndex = 0; path = Pods_GCD.framework; sourceTree = BUILT_PRODUCTS_DIR; };
		6BAEDC7E29E42CFA00EB817A /* GCDRxSwiftViewController.swift */ = {isa = PBXFileReference; lastKnownFileType = sourcecode.swift; path = GCDRxSwiftViewController.swift; sourceTree = "<group>"; };
		6BAEDC8129E42D1000EB817A /* GCDRxSwiftViewModel.swift */ = {isa = PBXFileReference; lastKnownFileType = sourcecode.swift; path = GCDRxSwiftViewModel.swift; sourceTree = "<group>"; };
		6BAEDC8329E42D2200EB817A /* GCDRxSwiftView.swift */ = {isa = PBXFileReference; lastKnownFileType = sourcecode.swift; path = GCDRxSwiftView.swift; sourceTree = "<group>"; };
		6BAEDC8A29E42E1800EB817A /* TabBarViewController.swift */ = {isa = PBXFileReference; lastKnownFileType = sourcecode.swift; path = TabBarViewController.swift; sourceTree = "<group>"; };
		6BAEDC8C29E42F1B00EB817A /* GCDRxSwiftTableViewCell.swift */ = {isa = PBXFileReference; lastKnownFileType = sourcecode.swift; path = GCDRxSwiftTableViewCell.swift; sourceTree = "<group>"; };
		6BAEDC9129E4425D00EB817A /* GCDURLSessionViewModel.swift */ = {isa = PBXFileReference; lastKnownFileType = sourcecode.swift; path = GCDURLSessionViewModel.swift; sourceTree = "<group>"; };
		6BAEDC9329E4428C00EB817A /* GCDURLSessionView.swift */ = {isa = PBXFileReference; lastKnownFileType = sourcecode.swift; path = GCDURLSessionView.swift; sourceTree = "<group>"; };
		6BAEDC9529E442A600EB817A /* GCDURLSessionTableViewCell.swift */ = {isa = PBXFileReference; lastKnownFileType = sourcecode.swift; path = GCDURLSessionTableViewCell.swift; sourceTree = "<group>"; };
		6BAEDC9729E442B900EB817A /* GCDURLSessionViewController.swift */ = {isa = PBXFileReference; lastKnownFileType = sourcecode.swift; path = GCDURLSessionViewController.swift; sourceTree = "<group>"; };
		6BDEF3D929E055BE00640B8D /* GCD.app */ = {isa = PBXFileReference; explicitFileType = wrapper.application; includeInIndex = 0; path = GCD.app; sourceTree = BUILT_PRODUCTS_DIR; };
		6BDEF3DC29E055BE00640B8D /* AppDelegate.swift */ = {isa = PBXFileReference; lastKnownFileType = sourcecode.swift; path = AppDelegate.swift; sourceTree = "<group>"; };
		6BDEF3DE29E055BE00640B8D /* SceneDelegate.swift */ = {isa = PBXFileReference; lastKnownFileType = sourcecode.swift; path = SceneDelegate.swift; sourceTree = "<group>"; };
		6BDEF3E529E055BF00640B8D /* Assets.xcassets */ = {isa = PBXFileReference; lastKnownFileType = folder.assetcatalog; path = Assets.xcassets; sourceTree = "<group>"; };
		6BDEF3E829E055BF00640B8D /* Base */ = {isa = PBXFileReference; lastKnownFileType = file.storyboard; name = Base; path = Base.lproj/LaunchScreen.storyboard; sourceTree = "<group>"; };
		6BDEF3EA29E055BF00640B8D /* Info.plist */ = {isa = PBXFileReference; lastKnownFileType = text.plist.xml; path = Info.plist; sourceTree = "<group>"; };
		6BDEF3F829E0561200640B8D /* GCDAlamofireViewController.swift */ = {isa = PBXFileReference; lastKnownFileType = sourcecode.swift; path = GCDAlamofireViewController.swift; sourceTree = "<group>"; };
		6BDEF3FA29E0562200640B8D /* GCDAlamofireView.swift */ = {isa = PBXFileReference; lastKnownFileType = sourcecode.swift; path = GCDAlamofireView.swift; sourceTree = "<group>"; };
		6BDEF3FD29E0610200640B8D /* GCDAlamofireViewModel.swift */ = {isa = PBXFileReference; lastKnownFileType = sourcecode.swift; path = GCDAlamofireViewModel.swift; sourceTree = "<group>"; };
		6BDEF3FF29E063A500640B8D /* GCDAlamofireTableViewCell.swift */ = {isa = PBXFileReference; lastKnownFileType = sourcecode.swift; path = GCDAlamofireTableViewCell.swift; sourceTree = "<group>"; };
		77B656076FA2A9343F7D7580 /* Pods-GCD.release.xcconfig */ = {isa = PBXFileReference; includeInIndex = 1; lastKnownFileType = text.xcconfig; name = "Pods-GCD.release.xcconfig"; path = "Target Support Files/Pods-GCD/Pods-GCD.release.xcconfig"; sourceTree = "<group>"; };
		C6B0C7395ACD743A69042D9D /* Pods-GCD.debug.xcconfig */ = {isa = PBXFileReference; includeInIndex = 1; lastKnownFileType = text.xcconfig; name = "Pods-GCD.debug.xcconfig"; path = "Target Support Files/Pods-GCD/Pods-GCD.debug.xcconfig"; sourceTree = "<group>"; };
/* End PBXFileReference section */

/* Begin PBXFrameworksBuildPhase section */
		6BDEF3D629E055BE00640B8D /* Frameworks */ = {
			isa = PBXFrameworksBuildPhase;
			buildActionMask = 2147483647;
			files = (
				A4ECCD207803E50EFA39B709 /* Pods_GCD.framework in Frameworks */,
			);
			runOnlyForDeploymentPostprocessing = 0;
		};
/* End PBXFrameworksBuildPhase section */

/* Begin PBXGroup section */
		6BAEDC7829E42B4800EB817A /* GCDAlamofire */ = {
			isa = PBXGroup;
			children = (
				6BDEF3FC29E060EE00640B8D /* ViewModels */,
				6BDEF3F529E055F800640B8D /* ViewControllers */,
				6BDEF3F429E055F500640B8D /* Views */,
			);
			path = GCDAlamofire;
			sourceTree = "<group>";
		};
		6BAEDC7929E42B6900EB817A /* GCDRxSwift */ = {
			isa = PBXGroup;
			children = (
				6BAEDC7D29E42CCD00EB817A /* ViewControllers */,
				6BAEDC7C29E42CC700EB817A /* ViewModels */,
				6BAEDC7B29E42CC400EB817A /* Views */,
			);
			path = GCDRxSwift;
			sourceTree = "<group>";
		};
		6BAEDC7A29E42BEA00EB817A /* GCDURLSession */ = {
			isa = PBXGroup;
			children = (
				6BAEDC9029E4424000EB817A /* ViewModels */,
				6BAEDC8F29E4423B00EB817A /* Views */,
				6BAEDC8E29E43CF300EB817A /* ViewControllers */,
			);
			path = GCDURLSession;
			sourceTree = "<group>";
		};
		6BAEDC7B29E42CC400EB817A /* Views */ = {
			isa = PBXGroup;
			children = (
				6BAEDC8329E42D2200EB817A /* GCDRxSwiftView.swift */,
				6BAEDC8C29E42F1B00EB817A /* GCDRxSwiftTableViewCell.swift */,
			);
			path = Views;
			sourceTree = "<group>";
		};
		6BAEDC7C29E42CC700EB817A /* ViewModels */ = {
			isa = PBXGroup;
			children = (
				6BAEDC8129E42D1000EB817A /* GCDRxSwiftViewModel.swift */,
			);
			path = ViewModels;
			sourceTree = "<group>";
		};
		6BAEDC7D29E42CCD00EB817A /* ViewControllers */ = {
			isa = PBXGroup;
			children = (
				6BAEDC7E29E42CFA00EB817A /* GCDRxSwiftViewController.swift */,
			);
			path = ViewControllers;
			sourceTree = "<group>";
		};
		6BAEDC8529E42D9100EB817A /* ViewControllers */ = {
			isa = PBXGroup;
			children = (
				6BAEDC8A29E42E1800EB817A /* TabBarViewController.swift */,
			);
			path = ViewControllers;
			sourceTree = "<group>";
		};
		6BAEDC8E29E43CF300EB817A /* ViewControllers */ = {
			isa = PBXGroup;
			children = (
				6BAEDC9729E442B900EB817A /* GCDURLSessionViewController.swift */,
			);
			path = ViewControllers;
			sourceTree = "<group>";
		};
		6BAEDC8F29E4423B00EB817A /* Views */ = {
			isa = PBXGroup;
			children = (
				6BAEDC9329E4428C00EB817A /* GCDURLSessionView.swift */,
				6BAEDC9529E442A600EB817A /* GCDURLSessionTableViewCell.swift */,
			);
			path = Views;
			sourceTree = "<group>";
		};
		6BAEDC9029E4424000EB817A /* ViewModels */ = {
			isa = PBXGroup;
			children = (
				6BAEDC9129E4425D00EB817A /* GCDURLSessionViewModel.swift */,
			);
			path = ViewModels;
			sourceTree = "<group>";
		};
		6BDEF3D029E055BE00640B8D = {
			isa = PBXGroup;
			children = (
				6BDEF3DB29E055BE00640B8D /* GCD */,
				6BDEF3DA29E055BE00640B8D /* Products */,
				885CB4230A73525C102FD128 /* Pods */,
				B5B893D071DFEBBE1DC21B15 /* Frameworks */,
			);
			sourceTree = "<group>";
		};
		6BDEF3DA29E055BE00640B8D /* Products */ = {
			isa = PBXGroup;
			children = (
				6BDEF3D929E055BE00640B8D /* GCD.app */,
			);
			name = Products;
			sourceTree = "<group>";
		};
		6BDEF3DB29E055BE00640B8D /* GCD */ = {
			isa = PBXGroup;
			children = (
				6BDEF3F229E055CD00640B8D /* Scenes */,
				6BDEF3F129E055C700640B8D /* Resources */,
				6BDEF3F029E055C500640B8D /* App */,
			);
			path = GCD;
			sourceTree = "<group>";
		};
		6BDEF3F029E055C500640B8D /* App */ = {
			isa = PBXGroup;
			children = (
				6BDEF3DC29E055BE00640B8D /* AppDelegate.swift */,
				6BDEF3DE29E055BE00640B8D /* SceneDelegate.swift */,
			);
			path = App;
			sourceTree = "<group>";
		};
		6BDEF3F129E055C700640B8D /* Resources */ = {
			isa = PBXGroup;
			children = (
				6BDEF3E529E055BF00640B8D /* Assets.xcassets */,
				6BDEF3E729E055BF00640B8D /* LaunchScreen.storyboard */,
				6BDEF3EA29E055BF00640B8D /* Info.plist */,
			);
			path = Resources;
			sourceTree = "<group>";
		};
		6BDEF3F229E055CD00640B8D /* Scenes */ = {
			isa = PBXGroup;
			children = (
				6BAEDC7A29E42BEA00EB817A /* GCDURLSession */,
				6BAEDC7929E42B6900EB817A /* GCDRxSwift */,
				6BAEDC7829E42B4800EB817A /* GCDAlamofire */,
				6BDEF3F329E055F300640B8D /* TabBar */,
			);
			path = Scenes;
			sourceTree = "<group>";
		};
		6BDEF3F329E055F300640B8D /* TabBar */ = {
			isa = PBXGroup;
			children = (
				6BAEDC8529E42D9100EB817A /* ViewControllers */,
			);
			path = TabBar;
			sourceTree = "<group>";
		};
		6BDEF3F429E055F500640B8D /* Views */ = {
			isa = PBXGroup;
			children = (
				6BDEF3FA29E0562200640B8D /* GCDAlamofireView.swift */,
				6BDEF3FF29E063A500640B8D /* GCDAlamofireTableViewCell.swift */,
			);
			path = Views;
			sourceTree = "<group>";
		};
		6BDEF3F529E055F800640B8D /* ViewControllers */ = {
			isa = PBXGroup;
			children = (
				6BDEF3F829E0561200640B8D /* GCDAlamofireViewController.swift */,
			);
			path = ViewControllers;
			sourceTree = "<group>";
		};
		6BDEF3FC29E060EE00640B8D /* ViewModels */ = {
			isa = PBXGroup;
			children = (
				6BDEF3FD29E0610200640B8D /* GCDAlamofireViewModel.swift */,
			);
			path = ViewModels;
			sourceTree = "<group>";
		};
		885CB4230A73525C102FD128 /* Pods */ = {
			isa = PBXGroup;
			children = (
				C6B0C7395ACD743A69042D9D /* Pods-GCD.debug.xcconfig */,
				77B656076FA2A9343F7D7580 /* Pods-GCD.release.xcconfig */,
			);
			path = Pods;
			sourceTree = "<group>";
		};
		B5B893D071DFEBBE1DC21B15 /* Frameworks */ = {
			isa = PBXGroup;
			children = (
				66C69574D868F768EDD43320 /* Pods_GCD.framework */,
			);
			name = Frameworks;
			sourceTree = "<group>";
		};
/* End PBXGroup section */

/* Begin PBXNativeTarget section */
		6BDEF3D829E055BE00640B8D /* GCD */ = {
			isa = PBXNativeTarget;
			buildConfigurationList = 6BDEF3ED29E055BF00640B8D /* Build configuration list for PBXNativeTarget "GCD" */;
			buildPhases = (
				5B2E30D52DE09787BB7097F6 /* [CP] Check Pods Manifest.lock */,
				6BDEF3D529E055BE00640B8D /* Sources */,
				6BDEF3D629E055BE00640B8D /* Frameworks */,
				6BDEF3D729E055BE00640B8D /* Resources */,
				60591B3D342428392263F8FC /* [CP] Embed Pods Frameworks */,
			);
			buildRules = (
			);
			dependencies = (
			);
			name = GCD;
			productName = GCD;
			productReference = 6BDEF3D929E055BE00640B8D /* GCD.app */;
			productType = "com.apple.product-type.application";
		};
/* End PBXNativeTarget section */

/* Begin PBXProject section */
		6BDEF3D129E055BE00640B8D /* Project object */ = {
			isa = PBXProject;
			attributes = {
				BuildIndependentTargetsInParallel = 1;
				LastSwiftUpdateCheck = 1430;
				LastUpgradeCheck = 1430;
				TargetAttributes = {
					6BDEF3D829E055BE00640B8D = {
						CreatedOnToolsVersion = 14.3;
					};
				};
			};
			buildConfigurationList = 6BDEF3D429E055BE00640B8D /* Build configuration list for PBXProject "GCD" */;
			compatibilityVersion = "Xcode 14.0";
			developmentRegion = en;
			hasScannedForEncodings = 0;
			knownRegions = (
				en,
				Base,
			);
			mainGroup = 6BDEF3D029E055BE00640B8D;
			productRefGroup = 6BDEF3DA29E055BE00640B8D /* Products */;
			projectDirPath = "";
			projectRoot = "";
			targets = (
				6BDEF3D829E055BE00640B8D /* GCD */,
			);
		};
/* End PBXProject section */

/* Begin PBXResourcesBuildPhase section */
		6BDEF3D729E055BE00640B8D /* Resources */ = {
			isa = PBXResourcesBuildPhase;
			buildActionMask = 2147483647;
			files = (
				6BDEF3E929E055BF00640B8D /* LaunchScreen.storyboard in Resources */,
				6BDEF3E629E055BF00640B8D /* Assets.xcassets in Resources */,
			);
			runOnlyForDeploymentPostprocessing = 0;
		};
/* End PBXResourcesBuildPhase section */

/* Begin PBXShellScriptBuildPhase section */
		5B2E30D52DE09787BB7097F6 /* [CP] Check Pods Manifest.lock */ = {
			isa = PBXShellScriptBuildPhase;
			buildActionMask = 2147483647;
			files = (
			);
			inputFileListPaths = (
			);
			inputPaths = (
				"${PODS_PODFILE_DIR_PATH}/Podfile.lock",
				"${PODS_ROOT}/Manifest.lock",
			);
			name = "[CP] Check Pods Manifest.lock";
			outputFileListPaths = (
			);
			outputPaths = (
				"$(DERIVED_FILE_DIR)/Pods-GCD-checkManifestLockResult.txt",
			);
			runOnlyForDeploymentPostprocessing = 0;
			shellPath = /bin/sh;
			shellScript = "diff \"${PODS_PODFILE_DIR_PATH}/Podfile.lock\" \"${PODS_ROOT}/Manifest.lock\" > /dev/null\nif [ $? != 0 ] ; then\n    # print error to STDERR\n    echo \"error: The sandbox is not in sync with the Podfile.lock. Run 'pod install' or update your CocoaPods installation.\" >&2\n    exit 1\nfi\n# This output is used by Xcode 'outputs' to avoid re-running this script phase.\necho \"SUCCESS\" > \"${SCRIPT_OUTPUT_FILE_0}\"\n";
			showEnvVarsInLog = 0;
		};
		60591B3D342428392263F8FC /* [CP] Embed Pods Frameworks */ = {
			isa = PBXShellScriptBuildPhase;
			buildActionMask = 2147483647;
			files = (
			);
			inputFileListPaths = (
				"${PODS_ROOT}/Target Support Files/Pods-GCD/Pods-GCD-frameworks-${CONFIGURATION}-input-files.xcfilelist",
			);
			name = "[CP] Embed Pods Frameworks";
			outputFileListPaths = (
				"${PODS_ROOT}/Target Support Files/Pods-GCD/Pods-GCD-frameworks-${CONFIGURATION}-output-files.xcfilelist",
			);
			runOnlyForDeploymentPostprocessing = 0;
			shellPath = /bin/sh;
			shellScript = "\"${PODS_ROOT}/Target Support Files/Pods-GCD/Pods-GCD-frameworks.sh\"\n";
			showEnvVarsInLog = 0;
		};
/* End PBXShellScriptBuildPhase section */

/* Begin PBXSourcesBuildPhase section */
		6BDEF3D529E055BE00640B8D /* Sources */ = {
			isa = PBXSourcesBuildPhase;
			buildActionMask = 2147483647;
			files = (
				6BAEDC8429E42D2200EB817A /* GCDRxSwiftView.swift in Sources */,
				6BAEDC8D29E42F1B00EB817A /* GCDRxSwiftTableViewCell.swift in Sources */,
				6BDEF3FE29E0610200640B8D /* GCDAlamofireViewModel.swift in Sources */,
				6BAEDC9829E442B900EB817A /* GCDURLSessionViewController.swift in Sources */,
				6BDEF3F929E0561200640B8D /* GCDAlamofireViewController.swift in Sources */,
				6BAEDC9429E4428C00EB817A /* GCDURLSessionView.swift in Sources */,
				6BDEF3FB29E0562200640B8D /* GCDAlamofireView.swift in Sources */,
				6BDEF3DD29E055BE00640B8D /* AppDelegate.swift in Sources */,
				6BAEDC7F29E42CFA00EB817A /* GCDRxSwiftViewController.swift in Sources */,
				6BAEDC9629E442A600EB817A /* GCDURLSessionTableViewCell.swift in Sources */,
				6BAEDC8229E42D1000EB817A /* GCDRxSwiftViewModel.swift in Sources */,
				6BAEDC9229E4425D00EB817A /* GCDURLSessionViewModel.swift in Sources */,
				6BDEF40029E063A500640B8D /* GCDAlamofireTableViewCell.swift in Sources */,
				6BAEDC8B29E42E1800EB817A /* TabBarViewController.swift in Sources */,
				6BDEF3DF29E055BE00640B8D /* SceneDelegate.swift in Sources */,
			);
			runOnlyForDeploymentPostprocessing = 0;
		};
/* End PBXSourcesBuildPhase section */

/* Begin PBXVariantGroup section */
		6BDEF3E729E055BF00640B8D /* LaunchScreen.storyboard */ = {
			isa = PBXVariantGroup;
			children = (
				6BDEF3E829E055BF00640B8D /* Base */,
			);
			name = LaunchScreen.storyboard;
			sourceTree = "<group>";
		};
/* End PBXVariantGroup section */

/* Begin XCBuildConfiguration section */
		6BDEF3EB29E055BF00640B8D /* Debug */ = {
			isa = XCBuildConfiguration;
			buildSettings = {
				ALWAYS_SEARCH_USER_PATHS = NO;
				CLANG_ANALYZER_NONNULL = YES;
				CLANG_ANALYZER_NUMBER_OBJECT_CONVERSION = YES_AGGRESSIVE;
				CLANG_CXX_LANGUAGE_STANDARD = "gnu++20";
				CLANG_ENABLE_MODULES = YES;
				CLANG_ENABLE_OBJC_ARC = YES;
				CLANG_ENABLE_OBJC_WEAK = YES;
				CLANG_WARN_BLOCK_CAPTURE_AUTORELEASING = YES;
				CLANG_WARN_BOOL_CONVERSION = YES;
				CLANG_WARN_COMMA = YES;
				CLANG_WARN_CONSTANT_CONVERSION = YES;
				CLANG_WARN_DEPRECATED_OBJC_IMPLEMENTATIONS = YES;
				CLANG_WARN_DIRECT_OBJC_ISA_USAGE = YES_ERROR;
				CLANG_WARN_DOCUMENTATION_COMMENTS = YES;
				CLANG_WARN_EMPTY_BODY = YES;
				CLANG_WARN_ENUM_CONVERSION = YES;
				CLANG_WARN_INFINITE_RECURSION = YES;
				CLANG_WARN_INT_CONVERSION = YES;
				CLANG_WARN_NON_LITERAL_NULL_CONVERSION = YES;
				CLANG_WARN_OBJC_IMPLICIT_RETAIN_SELF = YES;
				CLANG_WARN_OBJC_LITERAL_CONVERSION = YES;
				CLANG_WARN_OBJC_ROOT_CLASS = YES_ERROR;
				CLANG_WARN_QUOTED_INCLUDE_IN_FRAMEWORK_HEADER = YES;
				CLANG_WARN_RANGE_LOOP_ANALYSIS = YES;
				CLANG_WARN_STRICT_PROTOTYPES = YES;
				CLANG_WARN_SUSPICIOUS_MOVE = YES;
				CLANG_WARN_UNGUARDED_AVAILABILITY = YES_AGGRESSIVE;
				CLANG_WARN_UNREACHABLE_CODE = YES;
				CLANG_WARN__DUPLICATE_METHOD_MATCH = YES;
				COPY_PHASE_STRIP = NO;
				DEBUG_INFORMATION_FORMAT = dwarf;
				ENABLE_STRICT_OBJC_MSGSEND = YES;
				ENABLE_TESTABILITY = YES;
				GCC_C_LANGUAGE_STANDARD = gnu11;
				GCC_DYNAMIC_NO_PIC = NO;
				GCC_NO_COMMON_BLOCKS = YES;
				GCC_OPTIMIZATION_LEVEL = 0;
				GCC_PREPROCESSOR_DEFINITIONS = (
					"DEBUG=1",
					"$(inherited)",
				);
				GCC_WARN_64_TO_32_BIT_CONVERSION = YES;
				GCC_WARN_ABOUT_RETURN_TYPE = YES_ERROR;
				GCC_WARN_UNDECLARED_SELECTOR = YES;
				GCC_WARN_UNINITIALIZED_AUTOS = YES_AGGRESSIVE;
				GCC_WARN_UNUSED_FUNCTION = YES;
				GCC_WARN_UNUSED_VARIABLE = YES;
				IPHONEOS_DEPLOYMENT_TARGET = 16.4;
				MTL_ENABLE_DEBUG_INFO = INCLUDE_SOURCE;
				MTL_FAST_MATH = YES;
				ONLY_ACTIVE_ARCH = YES;
				SDKROOT = iphoneos;
				SWIFT_ACTIVE_COMPILATION_CONDITIONS = DEBUG;
				SWIFT_OPTIMIZATION_LEVEL = "-Onone";
			};
			name = Debug;
		};
		6BDEF3EC29E055BF00640B8D /* Release */ = {
			isa = XCBuildConfiguration;
			buildSettings = {
				ALWAYS_SEARCH_USER_PATHS = NO;
				CLANG_ANALYZER_NONNULL = YES;
				CLANG_ANALYZER_NUMBER_OBJECT_CONVERSION = YES_AGGRESSIVE;
				CLANG_CXX_LANGUAGE_STANDARD = "gnu++20";
				CLANG_ENABLE_MODULES = YES;
				CLANG_ENABLE_OBJC_ARC = YES;
				CLANG_ENABLE_OBJC_WEAK = YES;
				CLANG_WARN_BLOCK_CAPTURE_AUTORELEASING = YES;
				CLANG_WARN_BOOL_CONVERSION = YES;
				CLANG_WARN_COMMA = YES;
				CLANG_WARN_CONSTANT_CONVERSION = YES;
				CLANG_WARN_DEPRECATED_OBJC_IMPLEMENTATIONS = YES;
				CLANG_WARN_DIRECT_OBJC_ISA_USAGE = YES_ERROR;
				CLANG_WARN_DOCUMENTATION_COMMENTS = YES;
				CLANG_WARN_EMPTY_BODY = YES;
				CLANG_WARN_ENUM_CONVERSION = YES;
				CLANG_WARN_INFINITE_RECURSION = YES;
				CLANG_WARN_INT_CONVERSION = YES;
				CLANG_WARN_NON_LITERAL_NULL_CONVERSION = YES;
				CLANG_WARN_OBJC_IMPLICIT_RETAIN_SELF = YES;
				CLANG_WARN_OBJC_LITERAL_CONVERSION = YES;
				CLANG_WARN_OBJC_ROOT_CLASS = YES_ERROR;
				CLANG_WARN_QUOTED_INCLUDE_IN_FRAMEWORK_HEADER = YES;
				CLANG_WARN_RANGE_LOOP_ANALYSIS = YES;
				CLANG_WARN_STRICT_PROTOTYPES = YES;
				CLANG_WARN_SUSPICIOUS_MOVE = YES;
				CLANG_WARN_UNGUARDED_AVAILABILITY = YES_AGGRESSIVE;
				CLANG_WARN_UNREACHABLE_CODE = YES;
				CLANG_WARN__DUPLICATE_METHOD_MATCH = YES;
				COPY_PHASE_STRIP = NO;
				DEBUG_INFORMATION_FORMAT = "dwarf-with-dsym";
				ENABLE_NS_ASSERTIONS = NO;
				ENABLE_STRICT_OBJC_MSGSEND = YES;
				GCC_C_LANGUAGE_STANDARD = gnu11;
				GCC_NO_COMMON_BLOCKS = YES;
				GCC_WARN_64_TO_32_BIT_CONVERSION = YES;
				GCC_WARN_ABOUT_RETURN_TYPE = YES_ERROR;
				GCC_WARN_UNDECLARED_SELECTOR = YES;
				GCC_WARN_UNINITIALIZED_AUTOS = YES_AGGRESSIVE;
				GCC_WARN_UNUSED_FUNCTION = YES;
				GCC_WARN_UNUSED_VARIABLE = YES;
				IPHONEOS_DEPLOYMENT_TARGET = 16.4;
				MTL_ENABLE_DEBUG_INFO = NO;
				MTL_FAST_MATH = YES;
				SDKROOT = iphoneos;
				SWIFT_COMPILATION_MODE = wholemodule;
				SWIFT_OPTIMIZATION_LEVEL = "-O";
				VALIDATE_PRODUCT = YES;
			};
			name = Release;
		};
		6BDEF3EE29E055BF00640B8D /* Debug */ = {
			isa = XCBuildConfiguration;
			baseConfigurationReference = C6B0C7395ACD743A69042D9D /* Pods-GCD.debug.xcconfig */;
			buildSettings = {
				ASSETCATALOG_COMPILER_APPICON_NAME = AppIcon;
				ASSETCATALOG_COMPILER_GLOBAL_ACCENT_COLOR_NAME = AccentColor;
				CODE_SIGN_STYLE = Automatic;
				CURRENT_PROJECT_VERSION = 1;
				DEVELOPMENT_TEAM = STT7522LFQ;
				GENERATE_INFOPLIST_FILE = YES;
				INFOPLIST_FILE = GCD/Info.plist;
				INFOPLIST_KEY_UIApplicationSupportsIndirectInputEvents = YES;
				INFOPLIST_KEY_UILaunchStoryboardName = LaunchScreen;
				INFOPLIST_KEY_UIMainStoryboardFile = "";
				INFOPLIST_KEY_UISupportedInterfaceOrientations_iPad = "UIInterfaceOrientationPortrait UIInterfaceOrientationPortraitUpsideDown UIInterfaceOrientationLandscapeLeft UIInterfaceOrientationLandscapeRight";
				INFOPLIST_KEY_UISupportedInterfaceOrientations_iPhone = "UIInterfaceOrientationPortrait UIInterfaceOrientationLandscapeLeft UIInterfaceOrientationLandscapeRight";
				LD_RUNPATH_SEARCH_PATHS = (
					"$(inherited)",
					"@executable_path/Frameworks",
				);
				MARKETING_VERSION = 1.0;
				PRODUCT_BUNDLE_IDENTIFIER = home.GCD;
				PRODUCT_NAME = "$(TARGET_NAME)";
				SWIFT_EMIT_LOC_STRINGS = YES;
				SWIFT_VERSION = 5.0;
				TARGETED_DEVICE_FAMILY = "1,2";
			};
			name = Debug;
		};
		6BDEF3EF29E055BF00640B8D /* Release */ = {
			isa = XCBuildConfiguration;
			baseConfigurationReference = 77B656076FA2A9343F7D7580 /* Pods-GCD.release.xcconfig */;
			buildSettings = {
				ASSETCATALOG_COMPILER_APPICON_NAME = AppIcon;
				ASSETCATALOG_COMPILER_GLOBAL_ACCENT_COLOR_NAME = AccentColor;
				CODE_SIGN_STYLE = Automatic;
				CURRENT_PROJECT_VERSION = 1;
				DEVELOPMENT_TEAM = STT7522LFQ;
				GENERATE_INFOPLIST_FILE = YES;
				INFOPLIST_FILE = GCD/Info.plist;
				INFOPLIST_KEY_UIApplicationSupportsIndirectInputEvents = YES;
				INFOPLIST_KEY_UILaunchStoryboardName = LaunchScreen;
				INFOPLIST_KEY_UIMainStoryboardFile = "";
				INFOPLIST_KEY_UISupportedInterfaceOrientations_iPad = "UIInterfaceOrientationPortrait UIInterfaceOrientationPortraitUpsideDown UIInterfaceOrientationLandscapeLeft UIInterfaceOrientationLandscapeRight";
				INFOPLIST_KEY_UISupportedInterfaceOrientations_iPhone = "UIInterfaceOrientationPortrait UIInterfaceOrientationLandscapeLeft UIInterfaceOrientationLandscapeRight";
				LD_RUNPATH_SEARCH_PATHS = (
					"$(inherited)",
					"@executable_path/Frameworks",
				);
				MARKETING_VERSION = 1.0;
				PRODUCT_BUNDLE_IDENTIFIER = home.GCD;
				PRODUCT_NAME = "$(TARGET_NAME)";
				SWIFT_EMIT_LOC_STRINGS = YES;
				SWIFT_VERSION = 5.0;
				TARGETED_DEVICE_FAMILY = "1,2";
			};
			name = Release;
		};
/* End XCBuildConfiguration section */

/* Begin XCConfigurationList section */
		6BDEF3D429E055BE00640B8D /* Build configuration list for PBXProject "GCD" */ = {
			isa = XCConfigurationList;
			buildConfigurations = (
				6BDEF3EB29E055BF00640B8D /* Debug */,
				6BDEF3EC29E055BF00640B8D /* Release */,
			);
			defaultConfigurationIsVisible = 0;
			defaultConfigurationName = Release;
		};
		6BDEF3ED29E055BF00640B8D /* Build configuration list for PBXNativeTarget "GCD" */ = {
			isa = XCConfigurationList;
			buildConfigurations = (
				6BDEF3EE29E055BF00640B8D /* Debug */,
				6BDEF3EF29E055BF00640B8D /* Release */,
			);
			defaultConfigurationIsVisible = 0;
			defaultConfigurationName = Release;
		};
/* End XCConfigurationList section */
	};
	rootObject = 6BDEF3D129E055BE00640B8D /* Project object */;
}
